
Microsoft Visual Studio Solution File, Format Version 12.00
# Visual Studio Version 17
VisualStudioVersion = 17.8.34330.188
MinimumVisualStudioVersion = 10.0.40219.1
Project("{FAE04EC0-301F-11D3-BF4B-00C04F79EFBC}") = "StudentManagement", "StudentManagement\StudentManagement.csproj", "{FBFFD35F-AC2D-4192-90FC-5F6BDD25693F}"
EndProject
Global
	GlobalSection(SolutionConfigurationPlatforms) = preSolution
		Debug|Any CPU = Debug|Any CPU
		Release|Any CPU = Release|Any CPU
	EndGlobalSection
	GlobalSection(ProjectConfigurationPlatforms) = postSolution
		{FBFFD35F-AC2D-4192-90FC-5F6BDD25693F}.Debug|Any CPU.ActiveCfg = Debug|Any CPU
		{FBFFD35F-AC2D-4192-90FC-5F6BDD25693F}.Debug|Any CPU.Build.0 = Debug|Any CPU
		{FBFFD35F-AC2D-4192-90FC-5F6BDD25693F}.Release|Any CPU.ActiveCfg = Release|Any CPU
		{FBFFD35F-AC2D-4192-90FC-5F6BDD25693F}.Release|Any CPU.Build.0 = Release|Any CPU
	EndGlobalSection
	GlobalSection(SolutionProperties) = preSolution
		HideSolutionNode = FALSE
	EndGlobalSection
	GlobalSection(ExtensibilityGlobals) = postSolution
		SolutionGuid = {BC7C091D-4882-4548-A71A-D59402F09C66}
	EndGlobalSection
EndGlobal
